
Microsoft Visual Studio Solution File, Format Version 12.00
# Visual Studio 15
VisualStudioVersion = 15.0.28010.2050
MinimumVisualStudioVersion = 10.0.40219.1
Project("{FAE04EC0-301F-11D3-BF4B-00C04F79EFBC}") = "DatingApp.Api", "DattingApp.Api\DatingApp.Api.csproj", "{A7BC7AF2-7972-400A-9CBB-0B308273CD14}"
EndProject
Global
	GlobalSection(SolutionConfigurationPlatforms) = preSolution
		Debug|Any CPU = Debug|Any CPU
		Release|Any CPU = Release|Any CPU
	EndGlobalSection
	GlobalSection(ProjectConfigurationPlatforms) = postSolution
		{A7BC7AF2-7972-400A-9CBB-0B308273CD14}.Debug|Any CPU.ActiveCfg = Debug|Any CPU
		{A7BC7AF2-7972-400A-9CBB-0B308273CD14}.Debug|Any CPU.Build.0 = Debug|Any CPU
		{A7BC7AF2-7972-400A-9CBB-0B308273CD14}.Release|Any CPU.ActiveCfg = Release|Any CPU
		{A7BC7AF2-7972-400A-9CBB-0B308273CD14}.Release|Any CPU.Build.0 = Release|Any CPU
	EndGlobalSection
	GlobalSection(SolutionProperties) = preSolution
		HideSolutionNode = FALSE
	EndGlobalSection
	GlobalSection(ExtensibilityGlobals) = postSolution
		SolutionGuid = {3945A44D-2CEE-4847-8626-3F04B5424100}
	EndGlobalSection
EndGlobal
